
Microsoft Visual Studio Solution File, Format Version 12.00
# Visual Studio 15
VisualStudioVersion = 15.0.28307.1145
MinimumVisualStudioVersion = 10.0.40219.1
Project("{8BC9CEB8-8B4A-11D0-8D11-00A0C91BC942}") = "Hcc", "Hcc\Hcc.vcxproj", "{594D5609-BCF2-4043-BDEB-91127A33C477}"
EndProject
Global
	GlobalSection(SolutionConfigurationPlatforms) = preSolution
		Debug|x64 = Debug|x64
		Debug|x86 = Debug|x86
		Release|x64 = Release|x64
		Release|x86 = Release|x86
	EndGlobalSection
	GlobalSection(ProjectConfigurationPlatforms) = postSolution
		{594D5609-BCF2-4043-BDEB-91127A33C477}.Debug|x64.ActiveCfg = Debug|x64
		{594D5609-BCF2-4043-BDEB-91127A33C477}.Debug|x64.Build.0 = Debug|x64
		{594D5609-BCF2-4043-BDEB-91127A33C477}.Debug|x86.ActiveCfg = Debug|Win32
		{594D5609-BCF2-4043-BDEB-91127A33C477}.Debug|x86.Build.0 = Debug|Win32
		{594D5609-BCF2-4043-BDEB-91127A33C477}.Release|x64.ActiveCfg = Release|x64
		{594D5609-BCF2-4043-BDEB-91127A33C477}.Release|x64.Build.0 = Release|x64
		{594D5609-BCF2-4043-BDEB-91127A33C477}.Release|x86.ActiveCfg = Release|Win32
		{594D5609-BCF2-4043-BDEB-91127A33C477}.Release|x86.Build.0 = Release|Win32
	EndGlobalSection
	GlobalSection(SolutionProperties) = preSolution
		HideSolutionNode = FALSE
	EndGlobalSection
	GlobalSection(ExtensibilityGlobals) = postSolution
		SolutionGuid = {89F3B6C0-3552-463C-AEFB-DA27EC66E0B1}
	EndGlobalSection
EndGlobal
